
Microsoft Visual Studio Solution File, Format Version 12.00
# Visual Studio Version 16
VisualStudioVersion = 16.0.31424.327
MinimumVisualStudioVersion = 10.0.40219.1
Project("{FAE04EC0-301F-11D3-BF4B-00C04F79EFBC}") = "LINQ", "LINQ\LINQ.csproj", "{5048786A-317D-43D8-BCB6-3D6E0FAA150F}"
EndProject
Global
	GlobalSection(SolutionConfigurationPlatforms) = preSolution
		Debug|Any CPU = Debug|Any CPU
		Release|Any CPU = Release|Any CPU
	EndGlobalSection
	GlobalSection(ProjectConfigurationPlatforms) = postSolution
		{5048786A-317D-43D8-BCB6-3D6E0FAA150F}.Debug|Any CPU.ActiveCfg = Debug|Any CPU
		{5048786A-317D-43D8-BCB6-3D6E0FAA150F}.Debug|Any CPU.Build.0 = Debug|Any CPU
		{5048786A-317D-43D8-BCB6-3D6E0FAA150F}.Release|Any CPU.ActiveCfg = Release|Any CPU
		{5048786A-317D-43D8-BCB6-3D6E0FAA150F}.Release|Any CPU.Build.0 = Release|Any CPU
	EndGlobalSection
	GlobalSection(SolutionProperties) = preSolution
		HideSolutionNode = FALSE
	EndGlobalSection
	GlobalSection(ExtensibilityGlobals) = postSolution
		SolutionGuid = {DCC1E790-288B-4CC4-A9A8-A6CDBEE3DD63}
	EndGlobalSection
EndGlobal
